
Microsoft Visual Studio Solution File, Format Version 12.00
# Visual Studio Version 16
VisualStudioVersion = 16.0.32106.194
MinimumVisualStudioVersion = 10.0.40219.1
Project("{888888A0-9F3D-457C-B088-3A5042F75D52}") = "CarsApiPython", "CarsApiPython\CarsApiPython.pyproj", "{F3B77B58-5AA5-461B-8717-1806BBA27F1D}"
EndProject
Project("{FAE04EC0-301F-11D3-BF4B-00C04F79EFBC}") = "CarsApiPythonMvcUI", "CarsApiPythonMvcUI\CarsApiPythonMvcUI.csproj", "{985E7551-042A-4253-BD6C-4963233146A3}"
EndProject
Global
	GlobalSection(SolutionConfigurationPlatforms) = preSolution
		Debug|Any CPU = Debug|Any CPU
		Release|Any CPU = Release|Any CPU
	EndGlobalSection
	GlobalSection(ProjectConfigurationPlatforms) = postSolution
		{F3B77B58-5AA5-461B-8717-1806BBA27F1D}.Debug|Any CPU.ActiveCfg = Debug|Any CPU
		{F3B77B58-5AA5-461B-8717-1806BBA27F1D}.Release|Any CPU.ActiveCfg = Release|Any CPU
		{985E7551-042A-4253-BD6C-4963233146A3}.Debug|Any CPU.ActiveCfg = Debug|Any CPU
		{985E7551-042A-4253-BD6C-4963233146A3}.Debug|Any CPU.Build.0 = Debug|Any CPU
		{985E7551-042A-4253-BD6C-4963233146A3}.Release|Any CPU.ActiveCfg = Release|Any CPU
		{985E7551-042A-4253-BD6C-4963233146A3}.Release|Any CPU.Build.0 = Release|Any CPU
	EndGlobalSection
	GlobalSection(SolutionProperties) = preSolution
		HideSolutionNode = FALSE
	EndGlobalSection
	GlobalSection(ExtensibilityGlobals) = postSolution
		SolutionGuid = {854319CF-0B20-4D08-A372-4BD7826064FB}
	EndGlobalSection
EndGlobal
